
Microsoft Visual Studio Solution File, Format Version 12.00
# Visual Studio 15
VisualStudioVersion = 15.0.28307.329
MinimumVisualStudioVersion = 10.0.40219.1
Project("{FAE04EC0-301F-11D3-BF4B-00C04F79EFBC}") = "ContactManager", "ContactManager\ContactManager.csproj", "{AB29AF6A-130C-4EA1-BAB4-BBC04F73E553}"
EndProject
Global
	GlobalSection(SolutionConfigurationPlatforms) = preSolution
		Debug|Any CPU = Debug|Any CPU
		Release|Any CPU = Release|Any CPU
	EndGlobalSection
	GlobalSection(ProjectConfigurationPlatforms) = postSolution
		{AB29AF6A-130C-4EA1-BAB4-BBC04F73E553}.Debug|Any CPU.ActiveCfg = Debug|Any CPU
		{AB29AF6A-130C-4EA1-BAB4-BBC04F73E553}.Debug|Any CPU.Build.0 = Debug|Any CPU
		{AB29AF6A-130C-4EA1-BAB4-BBC04F73E553}.Release|Any CPU.ActiveCfg = Release|Any CPU
		{AB29AF6A-130C-4EA1-BAB4-BBC04F73E553}.Release|Any CPU.Build.0 = Release|Any CPU
	EndGlobalSection
	GlobalSection(SolutionProperties) = preSolution
		HideSolutionNode = FALSE
	EndGlobalSection
	GlobalSection(ExtensibilityGlobals) = postSolution
		SolutionGuid = {19E7989B-BCCC-4B3F-89DF-AC0B21C458C2}
	EndGlobalSection
EndGlobal
